// !$*UTF8*$!
{
	archiveVersion = 1;
	classes = {
	};
	objectVersion = 46;
	objects = {

/* Begin PBXBuildFile section */
		2B0444A01A6C171300C00EFC /* main.m in Sources */ = {isa = PBXBuildFile; fileRef = 2B04449F1A6C171300C00EFC /* main.m */; };
		2B0444A31A6C171300C00EFC /* AppDelegate.m in Sources */ = {isa = PBXBuildFile; fileRef = 2B0444A21A6C171300C00EFC /* AppDelegate.m */; };
		2B0444A61A6C171300C00EFC /* ViewController.m in Sources */ = {isa = PBXBuildFile; fileRef = 2B0444A51A6C171300C00EFC /* ViewController.m */; };
		2B0444A91A6C171300C00EFC /* Main.storyboard in Resources */ = {isa = PBXBuildFile; fileRef = 2B0444A71A6C171300C00EFC /* Main.storyboard */; };
		2B0444AB1A6C171300C00EFC /* Images.xcassets in Resources */ = {isa = PBXBuildFile; fileRef = 2B0444AA1A6C171300C00EFC /* Images.xcassets */; };
		2B0444AE1A6C171300C00EFC /* LaunchScreen.xib in Resources */ = {isa = PBXBuildFile; fileRef = 2B0444AC1A6C171300C00EFC /* LaunchScreen.xib */; };
		2B0444BA1A6C171300C00EFC /* speakezTests.m in Sources */ = {isa = PBXBuildFile; fileRef = 2B0444B91A6C171300C00EFC /* speakezTests.m */; };
		2B0444C81A6C172600C00EFC /* AcousticModelEnglish.bundle in Resources */ = {isa = PBXBuildFile; fileRef = 2B0444C41A6C172600C00EFC /* AcousticModelEnglish.bundle */; };
		2B0444C91A6C172600C00EFC /* AcousticModelSpanish.bundle in Resources */ = {isa = PBXBuildFile; fileRef = 2B0444C51A6C172600C00EFC /* AcousticModelSpanish.bundle */; };
		2B0444CA1A6C172600C00EFC /* OpenEars.framework in Frameworks */ = {isa = PBXBuildFile; fileRef = 2B0444C61A6C172600C00EFC /* OpenEars.framework */; };
		2B0444CB1A6C172600C00EFC /* Slt.framework in Frameworks */ = {isa = PBXBuildFile; fileRef = 2B0444C71A6C172600C00EFC /* Slt.framework */; };
		2B0444CD1A6C208800C00EFC /* RapidEarsDemo.framework in Frameworks */ = {isa = PBXBuildFile; fileRef = 2B0444CC1A6C208800C00EFC /* RapidEarsDemo.framework */; };
		2B0444CF1A6C209500C00EFC /* RejectoDemo.framework in Frameworks */ = {isa = PBXBuildFile; fileRef = 2B0444CE1A6C209500C00EFC /* RejectoDemo.framework */; };
		2BA384B91A6C8FB1008FF196 /* AudioToolbox.framework in Frameworks */ = {isa = PBXBuildFile; fileRef = 2BA384B81A6C8FB1008FF196 /* AudioToolbox.framework */; };
		2BF3ECC61A70A16A00FE87DB /* libCorePlot-CocoaTouch.a in Frameworks */ = {isa = PBXBuildFile; fileRef = 2BF3ECC51A70A16A00FE87DB /* libCorePlot-CocoaTouch.a */; };
		2BF3ECC81A70A18C00FE87DB /* QuartzCore.framework in Frameworks */ = {isa = PBXBuildFile; fileRef = 2BF3ECC71A70A18C00FE87DB /* QuartzCore.framework */; };
/* End PBXBuildFile section */

/* Begin PBXContainerItemProxy section */
		2B0444B41A6C171300C00EFC /* PBXContainerItemProxy */ = {
			isa = PBXContainerItemProxy;
			containerPortal = 2B0444921A6C171300C00EFC /* Project object */;
			proxyType = 1;
			remoteGlobalIDString = 2B0444991A6C171300C00EFC;
			remoteInfo = speakez;
		};
/* End PBXContainerItemProxy section */

/* Begin PBXFileReference section */
		2B04449A1A6C171300C00EFC /* speakez.app */ = {isa = PBXFileReference; explicitFileType = wrapper.application; includeInIndex = 0; path = speakez.app; sourceTree = BUILT_PRODUCTS_DIR; };
		2B04449E1A6C171300C00EFC /* Info.plist */ = {isa = PBXFileReference; lastKnownFileType = text.plist.xml; path = Info.plist; sourceTree = "<group>"; };
		2B04449F1A6C171300C00EFC /* main.m */ = {isa = PBXFileReference; lastKnownFileType = sourcecode.c.objc; path = main.m; sourceTree = "<group>"; };
		2B0444A11A6C171300C00EFC /* AppDelegate.h */ = {isa = PBXFileReference; lastKnownFileType = sourcecode.c.h; path = AppDelegate.h; sourceTree = "<group>"; };
		2B0444A21A6C171300C00EFC /* AppDelegate.m */ = {isa = PBXFileReference; lastKnownFileType = sourcecode.c.objc; path = AppDelegate.m; sourceTree = "<group>"; };
		2B0444A41A6C171300C00EFC /* ViewController.h */ = {isa = PBXFileReference; lastKnownFileType = sourcecode.c.h; path = ViewController.h; sourceTree = "<group>"; };
		2B0444A51A6C171300C00EFC /* ViewController.m */ = {isa = PBXFileReference; lastKnownFileType = sourcecode.c.objc; path = ViewController.m; sourceTree = "<group>"; };
		2B0444A81A6C171300C00EFC /* Base */ = {isa = PBXFileReference; lastKnownFileType = file.storyboard; name = Base; path = Base.lproj/Main.storyboard; sourceTree = "<group>"; };
		2B0444AA1A6C171300C00EFC /* Images.xcassets */ = {isa = PBXFileReference; lastKnownFileType = folder.assetcatalog; path = Images.xcassets; sourceTree = "<group>"; };
		2B0444AD1A6C171300C00EFC /* Base */ = {isa = PBXFileReference; lastKnownFileType = file.xib; name = Base; path = Base.lproj/LaunchScreen.xib; sourceTree = "<group>"; };
		2B0444B31A6C171300C00EFC /* speakezTests.xctest */ = {isa = PBXFileReference; explicitFileType = wrapper.cfbundle; includeInIndex = 0; path = speakezTests.xctest; sourceTree = BUILT_PRODUCTS_DIR; };
		2B0444B81A6C171300C00EFC /* Info.plist */ = {isa = PBXFileReference; lastKnownFileType = text.plist.xml; path = Info.plist; sourceTree = "<group>"; };
		2B0444B91A6C171300C00EFC /* speakezTests.m */ = {isa = PBXFileReference; lastKnownFileType = sourcecode.c.objc; path = speakezTests.m; sourceTree = "<group>"; };
		2B0444C41A6C172600C00EFC /* AcousticModelEnglish.bundle */ = {isa = PBXFileReference; lastKnownFileType = "wrapper.plug-in"; path = AcousticModelEnglish.bundle; sourceTree = "<group>"; };
		2B0444C51A6C172600C00EFC /* AcousticModelSpanish.bundle */ = {isa = PBXFileReference; lastKnownFileType = "wrapper.plug-in"; path = AcousticModelSpanish.bundle; sourceTree = "<group>"; };
		2B0444C61A6C172600C00EFC /* OpenEars.framework */ = {isa = PBXFileReference; lastKnownFileType = wrapper.framework; path = OpenEars.framework; sourceTree = "<group>"; };
		2B0444C71A6C172600C00EFC /* Slt.framework */ = {isa = PBXFileReference; lastKnownFileType = wrapper.framework; path = Slt.framework; sourceTree = "<group>"; };
		2B0444CC1A6C208800C00EFC /* RapidEarsDemo.framework */ = {isa = PBXFileReference; lastKnownFileType = wrapper.framework; path = RapidEarsDemo.framework; sourceTree = "<group>"; };
		2B0444CE1A6C209500C00EFC /* RejectoDemo.framework */ = {isa = PBXFileReference; lastKnownFileType = wrapper.framework; path = RejectoDemo.framework; sourceTree = "<group>"; };
		2BA384B81A6C8FB1008FF196 /* AudioToolbox.framework */ = {isa = PBXFileReference; lastKnownFileType = wrapper.framework; name = AudioToolbox.framework; path = System/Library/Frameworks/AudioToolbox.framework; sourceTree = SDKROOT; };
		2BF3EC771A70A16A00FE87DB /* CorePlot-CocoaTouch.h */ = {isa = PBXFileReference; fileEncoding = 4; lastKnownFileType = sourcecode.c.h; path = "CorePlot-CocoaTouch.h"; sourceTree = "<group>"; };
		2BF3EC781A70A16A00FE87DB /* CPTAnimation.h */ = {isa = PBXFileReference; fileEncoding = 4; lastKnownFileType = sourcecode.c.h; path = CPTAnimation.h; sourceTree = "<group>"; };
		2BF3EC791A70A16A00FE87DB /* CPTAnimationOperation.h */ = {isa = PBXFileReference; fileEncoding = 4; lastKnownFileType = sourcecode.c.h; path = CPTAnimationOperation.h; sourceTree = "<group>"; };
		2BF3EC7A1A70A16A00FE87DB /* CPTAnimationPeriod.h */ = {isa = PBXFileReference; fileEncoding = 4; lastKnownFileType = sourcecode.c.h; path = CPTAnimationPeriod.h; sourceTree = "<group>"; };
		2BF3EC7B1A70A16A00FE87DB /* CPTAnnotation.h */ = {isa = PBXFileReference; fileEncoding = 4; lastKnownFileType = sourcecode.c.h; path = CPTAnnotation.h; sourceTree = "<group>"; };
		2BF3EC7C1A70A16A00FE87DB /* CPTAnnotationHostLayer.h */ = {isa = PBXFileReference; fileEncoding = 4; lastKnownFileType = sourcecode.c.h; path = CPTAnnotationHostLayer.h; sourceTree = "<group>"; };
		2BF3EC7D1A70A16A00FE87DB /* CPTAxis.h */ = {isa = PBXFileReference; fileEncoding = 4; lastKnownFileType = sourcecode.c.h; path = CPTAxis.h; sourceTree = "<group>"; };
		2BF3EC7E1A70A16A00FE87DB /* CPTAxisLabel.h */ = {isa = PBXFileReference; fileEncoding = 4; lastKnownFileType = sourcecode.c.h; path = CPTAxisLabel.h; sourceTree = "<group>"; };
		2BF3EC7F1A70A16A00FE87DB /* CPTAxisLabelGroup.h */ = {isa = PBXFileReference; fileEncoding = 4; lastKnownFileType = sourcecode.c.h; path = CPTAxisLabelGroup.h; sourceTree = "<group>"; };
		2BF3EC801A70A16A00FE87DB /* CPTAxisSet.h */ = {isa = PBXFileReference; fileEncoding = 4; lastKnownFileType = sourcecode.c.h; path = CPTAxisSet.h; sourceTree = "<group>"; };
		2BF3EC811A70A16A00FE87DB /* CPTAxisTitle.h */ = {isa = PBXFileReference; fileEncoding = 4; lastKnownFileType = sourcecode.c.h; path = CPTAxisTitle.h; sourceTree = "<group>"; };
		2BF3EC821A70A16A00FE87DB /* CPTBarPlot.h */ = {isa = PBXFileReference; fileEncoding = 4; lastKnownFileType = sourcecode.c.h; path = CPTBarPlot.h; sourceTree = "<group>"; };
		2BF3EC831A70A16A00FE87DB /* CPTBorderedLayer.h */ = {isa = PBXFileReference; fileEncoding = 4; lastKnownFileType = sourcecode.c.h; path = CPTBorderedLayer.h; sourceTree = "<group>"; };
		2BF3EC841A70A16A00FE87DB /* CPTCalendarFormatter.h */ = {isa = PBXFileReference; fileEncoding = 4; lastKnownFileType = sourcecode.c.h; path = CPTCalendarFormatter.h; sourceTree = "<group>"; };
		2BF3EC851A70A16A00FE87DB /* CPTColor.h */ = {isa = PBXFileReference; fileEncoding = 4; lastKnownFileType = sourcecode.c.h; path = CPTColor.h; sourceTree = "<group>"; };
		2BF3EC861A70A16A00FE87DB /* CPTColorSpace.h */ = {isa = PBXFileReference; fileEncoding = 4; lastKnownFileType = sourcecode.c.h; path = CPTColorSpace.h; sourceTree = "<group>"; };
		2BF3EC871A70A16A00FE87DB /* CPTConstraints.h */ = {isa = PBXFileReference; fileEncoding = 4; lastKnownFileType = sourcecode.c.h; path = CPTConstraints.h; sourceTree = "<group>"; };
		2BF3EC881A70A16A00FE87DB /* CPTDataSourceTestCase.h */ = {isa = PBXFileReference; fileEncoding = 4; lastKnownFileType = sourcecode.c.h; path = CPTDataSourceTestCase.h; sourceTree = "<group>"; };
		2BF3EC891A70A16A00FE87DB /* CPTDefinitions.h */ = {isa = PBXFileReference; fileEncoding = 4; lastKnownFileType = sourcecode.c.h; path = CPTDefinitions.h; sourceTree = "<group>"; };
		2BF3EC8A1A70A16A00FE87DB /* CPTDerivedXYGraph.h */ = {isa = PBXFileReference; fileEncoding = 4; lastKnownFileType = sourcecode.c.h; path = CPTDerivedXYGraph.h; sourceTree = "<group>"; };
		2BF3EC8B1A70A16A00FE87DB /* CPTExceptions.h */ = {isa = PBXFileReference; fileEncoding = 4; lastKnownFileType = sourcecode.c.h; path = CPTExceptions.h; sourceTree = "<group>"; };
		2BF3EC8C1A70A16A00FE87DB /* CPTFill.h */ = {isa = PBXFileReference; fileEncoding = 4; lastKnownFileType = sourcecode.c.h; path = CPTFill.h; sourceTree = "<group>"; };
		2BF3EC8D1A70A16A00FE87DB /* CPTFunctionDataSource.h */ = {isa = PBXFileReference; fileEncoding = 4; lastKnownFileType = sourcecode.c.h; path = CPTFunctionDataSource.h; sourceTree = "<group>"; };
		2BF3EC8E1A70A16A00FE87DB /* CPTGradient.h */ = {isa = PBXFileReference; fileEncoding = 4; lastKnownFileType = sourcecode.c.h; path = CPTGradient.h; sourceTree = "<group>"; };
		2BF3EC8F1A70A16A00FE87DB /* CPTGraph.h */ = {isa = PBXFileReference; fileEncoding = 4; lastKnownFileType = sourcecode.c.h; path = CPTGraph.h; sourceTree = "<group>"; };
		2BF3EC901A70A16A00FE87DB /* CPTGraphHostingView.h */ = {isa = PBXFileReference; fileEncoding = 4; lastKnownFileType = sourcecode.c.h; path = CPTGraphHostingView.h; sourceTree = "<group>"; };
		2BF3EC911A70A16A00FE87DB /* CPTGridLineGroup.h */ = {isa = PBXFileReference; fileEncoding = 4; lastKnownFileType = sourcecode.c.h; path = CPTGridLineGroup.h; sourceTree = "<group>"; };
		2BF3EC921A70A16A00FE87DB /* CPTGridLines.h */ = {isa = PBXFileReference; fileEncoding = 4; lastKnownFileType = sourcecode.c.h; path = CPTGridLines.h; sourceTree = "<group>"; };
		2BF3EC931A70A16A00FE87DB /* CPTImage.h */ = {isa = PBXFileReference; fileEncoding = 4; lastKnownFileType = sourcecode.c.h; path = CPTImage.h; sourceTree = "<group>"; };
		2BF3EC941A70A16A00FE87DB /* CPTLayer.h */ = {isa = PBXFileReference; fileEncoding = 4; lastKnownFileType = sourcecode.c.h; path = CPTLayer.h; sourceTree = "<group>"; };
		2BF3EC951A70A16A00FE87DB /* CPTLayerAnnotation.h */ = {isa = PBXFileReference; fileEncoding = 4; lastKnownFileType = sourcecode.c.h; path = CPTLayerAnnotation.h; sourceTree = "<group>"; };
		2BF3EC961A70A16A00FE87DB /* CPTLegend.h */ = {isa = PBXFileReference; fileEncoding = 4; lastKnownFileType = sourcecode.c.h; path = CPTLegend.h; sourceTree = "<group>"; };
		2BF3EC971A70A16A00FE87DB /* CPTLegendEntry.h */ = {isa = PBXFileReference; fileEncoding = 4; lastKnownFileType = sourcecode.c.h; path = CPTLegendEntry.h; sourceTree = "<group>"; };
		2BF3EC981A70A16A00FE87DB /* CPTLimitBand.h */ = {isa = PBXFileReference; fileEncoding = 4; lastKnownFileType = sourcecode.c.h; path = CPTLimitBand.h; sourceTree = "<group>"; };
		2BF3EC991A70A16A00FE87DB /* CPTLineCap.h */ = {isa = PBXFileReference; fileEncoding = 4; lastKnownFileType = sourcecode.c.h; path = CPTLineCap.h; sourceTree = "<group>"; };
		2BF3EC9A1A70A16A00FE87DB /* CPTLineStyle.h */ = {isa = PBXFileReference; fileEncoding = 4; lastKnownFileType = sourcecode.c.h; path = CPTLineStyle.h; sourceTree = "<group>"; };
		2BF3EC9B1A70A16A00FE87DB /* CPTMutableLineStyle.h */ = {isa = PBXFileReference; fileEncoding = 4; lastKnownFileType = sourcecode.c.h; path = CPTMutableLineStyle.h; sourceTree = "<group>"; };
		2BF3EC9C1A70A16A00FE87DB /* CPTMutableNumericData+TypeConversion.h */ = {isa = PBXFileReference; fileEncoding = 4; lastKnownFileType = sourcecode.c.h; path = "CPTMutableNumericData+TypeConversion.h"; sourceTree = "<group>"; };
		2BF3EC9D1A70A16A00FE87DB /* CPTMutableNumericData.h */ = {isa = PBXFileReference; fileEncoding = 4; lastKnownFileType = sourcecode.c.h; path = CPTMutableNumericData.h; sourceTree = "<group>"; };
		2BF3EC9E1A70A16A00FE87DB /* CPTMutablePlotRange.h */ = {isa = PBXFileReference; fileEncoding = 4; lastKnownFileType = sourcecode.c.h; path = CPTMutablePlotRange.h; sourceTree = "<group>"; };
		2BF3EC9F1A70A16A00FE87DB /* CPTMutableShadow.h */ = {isa = PBXFileReference; fileEncoding = 4; lastKnownFileType = sourcecode.c.h; path = CPTMutableShadow.h; sourceTree = "<group>"; };
		2BF3ECA01A70A16A00FE87DB /* CPTMutableTextStyle.h */ = {isa = PBXFileReference; fileEncoding = 4; lastKnownFileType = sourcecode.c.h; path = CPTMutableTextStyle.h; sourceTree = "<group>"; };
		2BF3ECA11A70A16A00FE87DB /* CPTNumericData+TypeConversion.h */ = {isa = PBXFileReference; fileEncoding = 4; lastKnownFileType = sourcecode.c.h; path = "CPTNumericData+TypeConversion.h"; sourceTree = "<group>"; };
		2BF3ECA21A70A16A00FE87DB /* CPTNumericData.h */ = {isa = PBXFileReference; fileEncoding = 4; lastKnownFileType = sourcecode.c.h; path = CPTNumericData.h; sourceTree = "<group>"; };
		2BF3ECA31A70A16A00FE87DB /* CPTNumericDataType.h */ = {isa = PBXFileReference; fileEncoding = 4; lastKnownFileType = sourcecode.c.h; path = CPTNumericDataType.h; sourceTree = "<group>"; };
		2BF3ECA41A70A16A00FE87DB /* CPTPathExtensions.h */ = {isa = PBXFileReference; fileEncoding = 4; lastKnownFileType = sourcecode.c.h; path = CPTPathExtensions.h; sourceTree = "<group>"; };
		2BF3ECA51A70A16A00FE87DB /* CPTPieChart.h */ = {isa = PBXFileReference; fileEncoding = 4; lastKnownFileType = sourcecode.c.h; path = CPTPieChart.h; sourceTree = "<group>"; };
		2BF3ECA61A70A16A00FE87DB /* CPTPlatformSpecificCategories.h */ = {isa = PBXFileReference; fileEncoding = 4; lastKnownFileType = sourcecode.c.h; path = CPTPlatformSpecificCategories.h; sourceTree = "<group>"; };
		2BF3ECA71A70A16A00FE87DB /* CPTPlatformSpecificDefines.h */ = {isa = PBXFileReference; fileEncoding = 4; lastKnownFileType = sourcecode.c.h; path = CPTPlatformSpecificDefines.h; sourceTree = "<group>"; };
		2BF3ECA81A70A16A00FE87DB /* CPTPlatformSpecificFunctions.h */ = {isa = PBXFileReference; fileEncoding = 4; lastKnownFileType = sourcecode.c.h; path = CPTPlatformSpecificFunctions.h; sourceTree = "<group>"; };
		2BF3ECA91A70A16A00FE87DB /* CPTPlot.h */ = {isa = PBXFileReference; fileEncoding = 4; lastKnownFileType = sourcecode.c.h; path = CPTPlot.h; sourceTree = "<group>"; };
		2BF3ECAA1A70A16A00FE87DB /* CPTPlotArea.h */ = {isa = PBXFileReference; fileEncoding = 4; lastKnownFileType = sourcecode.c.h; path = CPTPlotArea.h; sourceTree = "<group>"; };
		2BF3ECAB1A70A16A00FE87DB /* CPTPlotAreaFrame.h */ = {isa = PBXFileReference; fileEncoding = 4; lastKnownFileType = sourcecode.c.h; path = CPTPlotAreaFrame.h; sourceTree = "<group>"; };
		2BF3ECAC1A70A16A00FE87DB /* CPTPlotGroup.h */ = {isa = PBXFileReference; fileEncoding = 4; lastKnownFileType = sourcecode.c.h; path = CPTPlotGroup.h; sourceTree = "<group>"; };
		2BF3ECAD1A70A16A00FE87DB /* CPTPlotRange.h */ = {isa = PBXFileReference; fileEncoding = 4; lastKnownFileType = sourcecode.c.h; path = CPTPlotRange.h; sourceTree = "<group>"; };
		2BF3ECAE1A70A16A00FE87DB /* CPTPlotSpace.h */ = {isa = PBXFileReference; fileEncoding = 4; lastKnownFileType = sourcecode.c.h; path = CPTPlotSpace.h; sourceTree = "<group>"; };
		2BF3ECAF1A70A16A00FE87DB /* CPTPlotSpaceAnnotation.h */ = {isa = PBXFileReference; fileEncoding = 4; lastKnownFileType = sourcecode.c.h; path = CPTPlotSpaceAnnotation.h; sourceTree = "<group>"; };
		2BF3ECB01A70A16A00FE87DB /* CPTPlotSymbol.h */ = {isa = PBXFileReference; fileEncoding = 4; lastKnownFileType = sourcecode.c.h; path = CPTPlotSymbol.h; sourceTree = "<group>"; };
		2BF3ECB11A70A16A00FE87DB /* CPTRangePlot.h */ = {isa = PBXFileReference; fileEncoding = 4; lastKnownFileType = sourcecode.c.h; path = CPTRangePlot.h; sourceTree = "<group>"; };
		2BF3ECB21A70A16A00FE87DB /* CPTResponder.h */ = {isa = PBXFileReference; fileEncoding = 4; lastKnownFileType = sourcecode.c.h; path = CPTResponder.h; sourceTree = "<group>"; };
		2BF3ECB31A70A16A00FE87DB /* CPTScatterPlot.h */ = {isa = PBXFileReference; fileEncoding = 4; lastKnownFileType = sourcecode.c.h; path = CPTScatterPlot.h; sourceTree = "<group>"; };
		2BF3ECB41A70A16A00FE87DB /* CPTShadow.h */ = {isa = PBXFileReference; fileEncoding = 4; lastKnownFileType = sourcecode.c.h; path = CPTShadow.h; sourceTree = "<group>"; };
		2BF3ECB51A70A16A00FE87DB /* CPTTestCase.h */ = {isa = PBXFileReference; fileEncoding = 4; lastKnownFileType = sourcecode.c.h; path = CPTTestCase.h; sourceTree = "<group>"; };
		2BF3ECB61A70A16A00FE87DB /* CPTTextLayer.h */ = {isa = PBXFileReference; fileEncoding = 4; lastKnownFileType = sourcecode.c.h; path = CPTTextLayer.h; sourceTree = "<group>"; };
		2BF3ECB71A70A16A00FE87DB /* CPTTextStyle.h */ = {isa = PBXFileReference; fileEncoding = 4; lastKnownFileType = sourcecode.c.h; path = CPTTextStyle.h; sourceTree = "<group>"; };
		2BF3ECB81A70A16A00FE87DB /* CPTTextStylePlatformSpecific.h */ = {isa = PBXFileReference; fileEncoding = 4; lastKnownFileType = sourcecode.c.h; path = CPTTextStylePlatformSpecific.h; sourceTree = "<group>"; };
		2BF3ECB91A70A16A00FE87DB /* CPTTheme.h */ = {isa = PBXFileReference; fileEncoding = 4; lastKnownFileType = sourcecode.c.h; path = CPTTheme.h; sourceTree = "<group>"; };
		2BF3ECBA1A70A16A00FE87DB /* CPTTimeFormatter.h */ = {isa = PBXFileReference; fileEncoding = 4; lastKnownFileType = sourcecode.c.h; path = CPTTimeFormatter.h; sourceTree = "<group>"; };
		2BF3ECBB1A70A16A00FE87DB /* CPTTradingRangePlot.h */ = {isa = PBXFileReference; fileEncoding = 4; lastKnownFileType = sourcecode.c.h; path = CPTTradingRangePlot.h; sourceTree = "<group>"; };
		2BF3ECBC1A70A16A00FE87DB /* CPTUtilities.h */ = {isa = PBXFileReference; fileEncoding = 4; lastKnownFileType = sourcecode.c.h; path = CPTUtilities.h; sourceTree = "<group>"; };
		2BF3ECBD1A70A16A00FE87DB /* CPTXYAxis.h */ = {isa = PBXFileReference; fileEncoding = 4; lastKnownFileType = sourcecode.c.h; path = CPTXYAxis.h; sourceTree = "<group>"; };
		2BF3ECBE1A70A16A00FE87DB /* CPTXYAxisSet.h */ = {isa = PBXFileReference; fileEncoding = 4; lastKnownFileType = sourcecode.c.h; path = CPTXYAxisSet.h; sourceTree = "<group>"; };
		2BF3ECBF1A70A16A00FE87DB /* CPTXYGraph.h */ = {isa = PBXFileReference; fileEncoding = 4; lastKnownFileType = sourcecode.c.h; path = CPTXYGraph.h; sourceTree = "<group>"; };
		2BF3ECC01A70A16A00FE87DB /* CPTXYPlotSpace.h */ = {isa = PBXFileReference; fileEncoding = 4; lastKnownFileType = sourcecode.c.h; path = CPTXYPlotSpace.h; sourceTree = "<group>"; };
		2BF3ECC11A70A16A00FE87DB /* mainpage.h */ = {isa = PBXFileReference; fileEncoding = 4; lastKnownFileType = sourcecode.c.h; path = mainpage.h; sourceTree = "<group>"; };
		2BF3ECC21A70A16A00FE87DB /* NSCoderExtensions.h */ = {isa = PBXFileReference; fileEncoding = 4; lastKnownFileType = sourcecode.c.h; path = NSCoderExtensions.h; sourceTree = "<group>"; };
		2BF3ECC31A70A16A00FE87DB /* NSDecimalNumberExtensions.h */ = {isa = PBXFileReference; fileEncoding = 4; lastKnownFileType = sourcecode.c.h; path = NSDecimalNumberExtensions.h; sourceTree = "<group>"; };
		2BF3ECC41A70A16A00FE87DB /* NSNumberExtensions.h */ = {isa = PBXFileReference; fileEncoding = 4; lastKnownFileType = sourcecode.c.h; path = NSNumberExtensions.h; sourceTree = "<group>"; };
		2BF3ECC51A70A16A00FE87DB /* libCorePlot-CocoaTouch.a */ = {isa = PBXFileReference; lastKnownFileType = archive.ar; path = "libCorePlot-CocoaTouch.a"; sourceTree = "<group>"; };
		2BF3ECC71A70A18C00FE87DB /* QuartzCore.framework */ = {isa = PBXFileReference; lastKnownFileType = wrapper.framework; name = QuartzCore.framework; path = System/Library/Frameworks/QuartzCore.framework; sourceTree = SDKROOT; };
/* End PBXFileReference section */

/* Begin PBXFrameworksBuildPhase section */
		2B0444971A6C171300C00EFC /* Frameworks */ = {
			isa = PBXFrameworksBuildPhase;
			buildActionMask = 2147483647;
			files = (
				2BF3ECC81A70A18C00FE87DB /* QuartzCore.framework in Frameworks */,
				2BA384B91A6C8FB1008FF196 /* AudioToolbox.framework in Frameworks */,
				2B0444CB1A6C172600C00EFC /* Slt.framework in Frameworks */,
				2B0444CD1A6C208800C00EFC /* RapidEarsDemo.framework in Frameworks */,
				2B0444CF1A6C209500C00EFC /* RejectoDemo.framework in Frameworks */,
				2B0444CA1A6C172600C00EFC /* OpenEars.framework in Frameworks */,
				2BF3ECC61A70A16A00FE87DB /* libCorePlot-CocoaTouch.a in Frameworks */,
			);
			runOnlyForDeploymentPostprocessing = 0;
		};
		2B0444B01A6C171300C00EFC /* Frameworks */ = {
			isa = PBXFrameworksBuildPhase;
			buildActionMask = 2147483647;
			files = (
			);
			runOnlyForDeploymentPostprocessing = 0;
		};
/* End PBXFrameworksBuildPhase section */

/* Begin PBXGroup section */
		2B0444911A6C171300C00EFC = {
			isa = PBXGroup;
			children = (
				2BF3ECC71A70A18C00FE87DB /* QuartzCore.framework */,
				2BA384B81A6C8FB1008FF196 /* AudioToolbox.framework */,
				2B0444CE1A6C209500C00EFC /* RejectoDemo.framework */,
				2B0444CC1A6C208800C00EFC /* RapidEarsDemo.framework */,
				2B0444C31A6C172600C00EFC /* Framework */,
				2B04449C1A6C171300C00EFC /* speakez */,
				2B0444B61A6C171300C00EFC /* speakezTests */,
				2B04449B1A6C171300C00EFC /* Products */,
			);
			sourceTree = "<group>";
		};
		2B04449B1A6C171300C00EFC /* Products */ = {
			isa = PBXGroup;
			children = (
				2B04449A1A6C171300C00EFC /* speakez.app */,
				2B0444B31A6C171300C00EFC /* speakezTests.xctest */,
			);
			name = Products;
			sourceTree = "<group>";
		};
		2B04449C1A6C171300C00EFC /* speakez */ = {
			isa = PBXGroup;
			children = (
				2BF3EC751A70A14C00FE87DB /* CorePlot */,
				2B0444A11A6C171300C00EFC /* AppDelegate.h */,
				2B0444A21A6C171300C00EFC /* AppDelegate.m */,
				2B0444A41A6C171300C00EFC /* ViewController.h */,
				2B0444A51A6C171300C00EFC /* ViewController.m */,
				2B0444A71A6C171300C00EFC /* Main.storyboard */,
				2B0444AA1A6C171300C00EFC /* Images.xcassets */,
				2B0444AC1A6C171300C00EFC /* LaunchScreen.xib */,
				2BF3EC741A709E7D00FE87DB /* External Libraries */,
				2B04449D1A6C171300C00EFC /* Supporting Files */,
			);
			path = speakez;
			sourceTree = "<group>";
		};
		2B04449D1A6C171300C00EFC /* Supporting Files */ = {
			isa = PBXGroup;
			children = (
				2B04449E1A6C171300C00EFC /* Info.plist */,
				2B04449F1A6C171300C00EFC /* main.m */,
			);
			name = "Supporting Files";
			sourceTree = "<group>";
		};
		2B0444B61A6C171300C00EFC /* speakezTests */ = {
			isa = PBXGroup;
			children = (
				2B0444B91A6C171300C00EFC /* speakezTests.m */,
				2B0444B71A6C171300C00EFC /* Supporting Files */,
			);
			path = speakezTests;
			sourceTree = "<group>";
		};
		2B0444B71A6C171300C00EFC /* Supporting Files */ = {
			isa = PBXGroup;
			children = (
				2B0444B81A6C171300C00EFC /* Info.plist */,
			);
			name = "Supporting Files";
			sourceTree = "<group>";
		};
		2B0444C31A6C172600C00EFC /* Framework */ = {
			isa = PBXGroup;
			children = (
				2B0444C41A6C172600C00EFC /* AcousticModelEnglish.bundle */,
				2B0444C51A6C172600C00EFC /* AcousticModelSpanish.bundle */,
				2B0444C61A6C172600C00EFC /* OpenEars.framework */,
				2B0444C71A6C172600C00EFC /* Slt.framework */,
			);
			path = Framework;
			sourceTree = "<group>";
		};
		2BF3EC741A709E7D00FE87DB /* External Libraries */ = {
			isa = PBXGroup;
			children = (
			);
			name = "External Libraries";
			sourceTree = "<group>";
		};
		2BF3EC751A70A14C00FE87DB /* CorePlot */ = {
			isa = PBXGroup;
			children = (
				2BF3EC761A70A16A00FE87DB /* CorePlotHeaders */,
				2BF3ECC51A70A16A00FE87DB /* libCorePlot-CocoaTouch.a */,
			);
			name = CorePlot;
			sourceTree = "<group>";
		};
		2BF3EC761A70A16A00FE87DB /* CorePlotHeaders */ = {
			isa = PBXGroup;
			children = (
				2BF3EC771A70A16A00FE87DB /* CorePlot-CocoaTouch.h */,
				2BF3EC781A70A16A00FE87DB /* CPTAnimation.h */,
				2BF3EC791A70A16A00FE87DB /* CPTAnimationOperation.h */,
				2BF3EC7A1A70A16A00FE87DB /* CPTAnimationPeriod.h */,
				2BF3EC7B1A70A16A00FE87DB /* CPTAnnotation.h */,
				2BF3EC7C1A70A16A00FE87DB /* CPTAnnotationHostLayer.h */,
				2BF3EC7D1A70A16A00FE87DB /* CPTAxis.h */,
				2BF3EC7E1A70A16A00FE87DB /* CPTAxisLabel.h */,
				2BF3EC7F1A70A16A00FE87DB /* CPTAxisLabelGroup.h */,
				2BF3EC801A70A16A00FE87DB /* CPTAxisSet.h */,
				2BF3EC811A70A16A00FE87DB /* CPTAxisTitle.h */,
				2BF3EC821A70A16A00FE87DB /* CPTBarPlot.h */,
				2BF3EC831A70A16A00FE87DB /* CPTBorderedLayer.h */,
				2BF3EC841A70A16A00FE87DB /* CPTCalendarFormatter.h */,
				2BF3EC851A70A16A00FE87DB /* CPTColor.h */,
				2BF3EC861A70A16A00FE87DB /* CPTColorSpace.h */,
				2BF3EC871A70A16A00FE87DB /* CPTConstraints.h */,
				2BF3EC881A70A16A00FE87DB /* CPTDataSourceTestCase.h */,
				2BF3EC891A70A16A00FE87DB /* CPTDefinitions.h */,
				2BF3EC8A1A70A16A00FE87DB /* CPTDerivedXYGraph.h */,
				2BF3EC8B1A70A16A00FE87DB /* CPTExceptions.h */,
				2BF3EC8C1A70A16A00FE87DB /* CPTFill.h */,
				2BF3EC8D1A70A16A00FE87DB /* CPTFunctionDataSource.h */,
				2BF3EC8E1A70A16A00FE87DB /* CPTGradient.h */,
				2BF3EC8F1A70A16A00FE87DB /* CPTGraph.h */,
				2BF3EC901A70A16A00FE87DB /* CPTGraphHostingView.h */,
				2BF3EC911A70A16A00FE87DB /* CPTGridLineGroup.h */,
				2BF3EC921A70A16A00FE87DB /* CPTGridLines.h */,
				2BF3EC931A70A16A00FE87DB /* CPTImage.h */,
				2BF3EC941A70A16A00FE87DB /* CPTLayer.h */,
				2BF3EC951A70A16A00FE87DB /* CPTLayerAnnotation.h */,
				2BF3EC961A70A16A00FE87DB /* CPTLegend.h */,
				2BF3EC971A70A16A00FE87DB /* CPTLegendEntry.h */,
				2BF3EC981A70A16A00FE87DB /* CPTLimitBand.h */,
				2BF3EC991A70A16A00FE87DB /* CPTLineCap.h */,
				2BF3EC9A1A70A16A00FE87DB /* CPTLineStyle.h */,
				2BF3EC9B1A70A16A00FE87DB /* CPTMutableLineStyle.h */,
				2BF3EC9C1A70A16A00FE87DB /* CPTMutableNumericData+TypeConversion.h */,
				2BF3EC9D1A70A16A00FE87DB /* CPTMutableNumericData.h */,
				2BF3EC9E1A70A16A00FE87DB /* CPTMutablePlotRange.h */,
				2BF3EC9F1A70A16A00FE87DB /* CPTMutableShadow.h */,
				2BF3ECA01A70A16A00FE87DB /* CPTMutableTextStyle.h */,
				2BF3ECA11A70A16A00FE87DB /* CPTNumericData+TypeConversion.h */,
				2BF3ECA21A70A16A00FE87DB /* CPTNumericData.h */,
				2BF3ECA31A70A16A00FE87DB /* CPTNumericDataType.h */,
				2BF3ECA41A70A16A00FE87DB /* CPTPathExtensions.h */,
				2BF3ECA51A70A16A00FE87DB /* CPTPieChart.h */,
				2BF3ECA61A70A16A00FE87DB /* CPTPlatformSpecificCategories.h */,
				2BF3ECA71A70A16A00FE87DB /* CPTPlatformSpecificDefines.h */,
				2BF3ECA81A70A16A00FE87DB /* CPTPlatformSpecificFunctions.h */,
				2BF3ECA91A70A16A00FE87DB /* CPTPlot.h */,
				2BF3ECAA1A70A16A00FE87DB /* CPTPlotArea.h */,
				2BF3ECAB1A70A16A00FE87DB /* CPTPlotAreaFrame.h */,
				2BF3ECAC1A70A16A00FE87DB /* CPTPlotGroup.h */,
				2BF3ECAD1A70A16A00FE87DB /* CPTPlotRange.h */,
				2BF3ECAE1A70A16A00FE87DB /* CPTPlotSpace.h */,
				2BF3ECAF1A70A16A00FE87DB /* CPTPlotSpaceAnnotation.h */,
				2BF3ECB01A70A16A00FE87DB /* CPTPlotSymbol.h */,
				2BF3ECB11A70A16A00FE87DB /* CPTRangePlot.h */,
				2BF3ECB21A70A16A00FE87DB /* CPTResponder.h */,
				2BF3ECB31A70A16A00FE87DB /* CPTScatterPlot.h */,
				2BF3ECB41A70A16A00FE87DB /* CPTShadow.h */,
				2BF3ECB51A70A16A00FE87DB /* CPTTestCase.h */,
				2BF3ECB61A70A16A00FE87DB /* CPTTextLayer.h */,
				2BF3ECB71A70A16A00FE87DB /* CPTTextStyle.h */,
				2BF3ECB81A70A16A00FE87DB /* CPTTextStylePlatformSpecific.h */,
				2BF3ECB91A70A16A00FE87DB /* CPTTheme.h */,
				2BF3ECBA1A70A16A00FE87DB /* CPTTimeFormatter.h */,
				2BF3ECBB1A70A16A00FE87DB /* CPTTradingRangePlot.h */,
				2BF3ECBC1A70A16A00FE87DB /* CPTUtilities.h */,
				2BF3ECBD1A70A16A00FE87DB /* CPTXYAxis.h */,
				2BF3ECBE1A70A16A00FE87DB /* CPTXYAxisSet.h */,
				2BF3ECBF1A70A16A00FE87DB /* CPTXYGraph.h */,
				2BF3ECC01A70A16A00FE87DB /* CPTXYPlotSpace.h */,
				2BF3ECC11A70A16A00FE87DB /* mainpage.h */,
				2BF3ECC21A70A16A00FE87DB /* NSCoderExtensions.h */,
				2BF3ECC31A70A16A00FE87DB /* NSDecimalNumberExtensions.h */,
				2BF3ECC41A70A16A00FE87DB /* NSNumberExtensions.h */,
			);
			path = CorePlotHeaders;
			sourceTree = "<group>";
		};
/* End PBXGroup section */

/* Begin PBXNativeTarget section */
		2B0444991A6C171300C00EFC /* speakez */ = {
			isa = PBXNativeTarget;
			buildConfigurationList = 2B0444BD1A6C171300C00EFC /* Build configuration list for PBXNativeTarget "speakez" */;
			buildPhases = (
				2B0444961A6C171300C00EFC /* Sources */,
				2B0444971A6C171300C00EFC /* Frameworks */,
				2B0444981A6C171300C00EFC /* Resources */,
			);
			buildRules = (
			);
			dependencies = (
			);
			name = speakez;
			productName = speakez;
			productReference = 2B04449A1A6C171300C00EFC /* speakez.app */;
			productType = "com.apple.product-type.application";
		};
		2B0444B21A6C171300C00EFC /* speakezTests */ = {
			isa = PBXNativeTarget;
			buildConfigurationList = 2B0444C01A6C171300C00EFC /* Build configuration list for PBXNativeTarget "speakezTests" */;
			buildPhases = (
				2B0444AF1A6C171300C00EFC /* Sources */,
				2B0444B01A6C171300C00EFC /* Frameworks */,
				2B0444B11A6C171300C00EFC /* Resources */,
			);
			buildRules = (
			);
			dependencies = (
				2B0444B51A6C171300C00EFC /* PBXTargetDependency */,
			);
			name = speakezTests;
			productName = speakezTests;
			productReference = 2B0444B31A6C171300C00EFC /* speakezTests.xctest */;
			productType = "com.apple.product-type.bundle.unit-test";
		};
/* End PBXNativeTarget section */

/* Begin PBXProject section */
		2B0444921A6C171300C00EFC /* Project object */ = {
			isa = PBXProject;
			attributes = {
				LastUpgradeCheck = 0610;
				ORGANIZATIONNAME = "Nick Gheorghita";
				TargetAttributes = {
					2B0444991A6C171300C00EFC = {
						CreatedOnToolsVersion = 6.1.1;
						DevelopmentTeam = 6F46L33ESN;
					};
					2B0444B21A6C171300C00EFC = {
						CreatedOnToolsVersion = 6.1.1;
						TestTargetID = 2B0444991A6C171300C00EFC;
					};
				};
			};
			buildConfigurationList = 2B0444951A6C171300C00EFC /* Build configuration list for PBXProject "speakez" */;
			compatibilityVersion = "Xcode 3.2";
			developmentRegion = English;
			hasScannedForEncodings = 0;
			knownRegions = (
				en,
				Base,
			);
			mainGroup = 2B0444911A6C171300C00EFC;
			productRefGroup = 2B04449B1A6C171300C00EFC /* Products */;
			projectDirPath = "";
			projectRoot = "";
			targets = (
				2B0444991A6C171300C00EFC /* speakez */,
				2B0444B21A6C171300C00EFC /* speakezTests */,
			);
		};
/* End PBXProject section */

/* Begin PBXResourcesBuildPhase section */
		2B0444981A6C171300C00EFC /* Resources */ = {
			isa = PBXResourcesBuildPhase;
			buildActionMask = 2147483647;
			files = (
				2B0444A91A6C171300C00EFC /* Main.storyboard in Resources */,
				2B0444C91A6C172600C00EFC /* AcousticModelSpanish.bundle in Resources */,
				2B0444C81A6C172600C00EFC /* AcousticModelEnglish.bundle in Resources */,
				2B0444AE1A6C171300C00EFC /* LaunchScreen.xib in Resources */,
				2B0444AB1A6C171300C00EFC /* Images.xcassets in Resources */,
			);
			runOnlyForDeploymentPostprocessing = 0;
		};
		2B0444B11A6C171300C00EFC /* Resources */ = {
			isa = PBXResourcesBuildPhase;
			buildActionMask = 2147483647;
			files = (
			);
			runOnlyForDeploymentPostprocessing = 0;
		};
/* End PBXResourcesBuildPhase section */

/* Begin PBXSourcesBuildPhase section */
		2B0444961A6C171300C00EFC /* Sources */ = {
			isa = PBXSourcesBuildPhase;
			buildActionMask = 2147483647;
			files = (
				2B0444A61A6C171300C00EFC /* ViewController.m in Sources */,
				2B0444A31A6C171300C00EFC /* AppDelegate.m in Sources */,
				2B0444A01A6C171300C00EFC /* main.m in Sources */,
			);
			runOnlyForDeploymentPostprocessing = 0;
		};
		2B0444AF1A6C171300C00EFC /* Sources */ = {
			isa = PBXSourcesBuildPhase;
			buildActionMask = 2147483647;
			files = (
				2B0444BA1A6C171300C00EFC /* speakezTests.m in Sources */,
			);
			runOnlyForDeploymentPostprocessing = 0;
		};
/* End PBXSourcesBuildPhase section */

/* Begin PBXTargetDependency section */
		2B0444B51A6C171300C00EFC /* PBXTargetDependency */ = {
			isa = PBXTargetDependency;
			target = 2B0444991A6C171300C00EFC /* speakez */;
			targetProxy = 2B0444B41A6C171300C00EFC /* PBXContainerItemProxy */;
		};
/* End PBXTargetDependency section */

/* Begin PBXVariantGroup section */
		2B0444A71A6C171300C00EFC /* Main.storyboard */ = {
			isa = PBXVariantGroup;
			children = (
				2B0444A81A6C171300C00EFC /* Base */,
			);
			name = Main.storyboard;
			sourceTree = "<group>";
		};
		2B0444AC1A6C171300C00EFC /* LaunchScreen.xib */ = {
			isa = PBXVariantGroup;
			children = (
				2B0444AD1A6C171300C00EFC /* Base */,
			);
			name = LaunchScreen.xib;
			sourceTree = "<group>";
		};
/* End PBXVariantGroup section */

/* Begin XCBuildConfiguration section */
		2B0444BB1A6C171300C00EFC /* Debug */ = {
			isa = XCBuildConfiguration;
			buildSettings = {
				ALWAYS_SEARCH_USER_PATHS = NO;
				CLANG_CXX_LANGUAGE_STANDARD = "gnu++0x";
				CLANG_CXX_LIBRARY = "libc++";
				CLANG_ENABLE_MODULES = YES;
				CLANG_ENABLE_OBJC_ARC = YES;
				CLANG_WARN_BOOL_CONVERSION = YES;
				CLANG_WARN_CONSTANT_CONVERSION = YES;
				CLANG_WARN_DIRECT_OBJC_ISA_USAGE = YES_ERROR;
				CLANG_WARN_EMPTY_BODY = YES;
				CLANG_WARN_ENUM_CONVERSION = YES;
				CLANG_WARN_INT_CONVERSION = YES;
				CLANG_WARN_OBJC_ROOT_CLASS = YES_ERROR;
				CLANG_WARN_UNREACHABLE_CODE = YES;
				CLANG_WARN__DUPLICATE_METHOD_MATCH = YES;
				"CODE_SIGN_IDENTITY[sdk=iphoneos*]" = "iPhone Developer";
				COPY_PHASE_STRIP = NO;
				ENABLE_STRICT_OBJC_MSGSEND = YES;
				GCC_C_LANGUAGE_STANDARD = gnu99;
				GCC_DYNAMIC_NO_PIC = NO;
				GCC_OPTIMIZATION_LEVEL = 0;
				GCC_PREPROCESSOR_DEFINITIONS = (
					"DEBUG=1",
					"$(inherited)",
				);
				GCC_SYMBOLS_PRIVATE_EXTERN = NO;
				GCC_WARN_64_TO_32_BIT_CONVERSION = YES;
				GCC_WARN_ABOUT_RETURN_TYPE = YES_ERROR;
				GCC_WARN_UNDECLARED_SELECTOR = YES;
				GCC_WARN_UNINITIALIZED_AUTOS = YES_AGGRESSIVE;
				GCC_WARN_UNUSED_FUNCTION = YES;
				GCC_WARN_UNUSED_VARIABLE = YES;
				IPHONEOS_DEPLOYMENT_TARGET = 8.1;
				MTL_ENABLE_DEBUG_INFO = YES;
				ONLY_ACTIVE_ARCH = YES;
				SDKROOT = iphoneos;
				TARGETED_DEVICE_FAMILY = "1,2";
			};
			name = Debug;
		};
		2B0444BC1A6C171300C00EFC /* Release */ = {
			isa = XCBuildConfiguration;
			buildSettings = {
				ALWAYS_SEARCH_USER_PATHS = NO;
				CLANG_CXX_LANGUAGE_STANDARD = "gnu++0x";
				CLANG_CXX_LIBRARY = "libc++";
				CLANG_ENABLE_MODULES = YES;
				CLANG_ENABLE_OBJC_ARC = YES;
				CLANG_WARN_BOOL_CONVERSION = YES;
				CLANG_WARN_CONSTANT_CONVERSION = YES;
				CLANG_WARN_DIRECT_OBJC_ISA_USAGE = YES_ERROR;
				CLANG_WARN_EMPTY_BODY = YES;
				CLANG_WARN_ENUM_CONVERSION = YES;
				CLANG_WARN_INT_CONVERSION = YES;
				CLANG_WARN_OBJC_ROOT_CLASS = YES_ERROR;
				CLANG_WARN_UNREACHABLE_CODE = YES;
				CLANG_WARN__DUPLICATE_METHOD_MATCH = YES;
				"CODE_SIGN_IDENTITY[sdk=iphoneos*]" = "iPhone Developer";
				COPY_PHASE_STRIP = YES;
				ENABLE_NS_ASSERTIONS = NO;
				ENABLE_STRICT_OBJC_MSGSEND = YES;
				GCC_C_LANGUAGE_STANDARD = gnu99;
				GCC_WARN_64_TO_32_BIT_CONVERSION = YES;
				GCC_WARN_ABOUT_RETURN_TYPE = YES_ERROR;
				GCC_WARN_UNDECLARED_SELECTOR = YES;
				GCC_WARN_UNINITIALIZED_AUTOS = YES_AGGRESSIVE;
				GCC_WARN_UNUSED_FUNCTION = YES;
				GCC_WARN_UNUSED_VARIABLE = YES;
				IPHONEOS_DEPLOYMENT_TARGET = 8.1;
				MTL_ENABLE_DEBUG_INFO = NO;
				SDKROOT = iphoneos;
				TARGETED_DEVICE_FAMILY = "1,2";
				VALIDATE_PRODUCT = YES;
			};
			name = Release;
		};
		2B0444BE1A6C171300C00EFC /* Debug */ = {
			isa = XCBuildConfiguration;
			buildSettings = {
				ASSETCATALOG_COMPILER_APPICON_NAME = AppIcon;
				CODE_SIGN_IDENTITY = "iPhone Developer";
				"CODE_SIGN_IDENTITY[sdk=iphoneos*]" = "iPhone Developer";
				FRAMEWORK_SEARCH_PATHS = (
					"$(inherited)",
					"$(PROJECT_DIR)/Framework",
					"$(PROJECT_DIR)",
				);
				INFOPLIST_FILE = speakez/Info.plist;
				IPHONEOS_DEPLOYMENT_TARGET = 7.1;
				LD_RUNPATH_SEARCH_PATHS = "$(inherited) @executable_path/Frameworks";
				LIBRARY_SEARCH_PATHS = (
					"$(inherited)",
					"$(PROJECT_DIR)/speakez",
				);
				"OTHER_LDFLAGS[arch=*]" = "-ObjC";
				PRODUCT_NAME = "$(TARGET_NAME)";
				PROVISIONING_PROFILE = "";
				TARGETED_DEVICE_FAMILY = 1;
			};
			name = Debug;
		};
		2B0444BF1A6C171300C00EFC /* Release */ = {
			isa = XCBuildConfiguration;
			buildSettings = {
				ASSETCATALOG_COMPILER_APPICON_NAME = AppIcon;
				CODE_SIGN_IDENTITY = "iPhone Developer";
				"CODE_SIGN_IDENTITY[sdk=iphoneos*]" = "iPhone Developer";
				FRAMEWORK_SEARCH_PATHS = (
					"$(inherited)",
					"$(PROJECT_DIR)/Framework",
					"$(PROJECT_DIR)",
				);
				INFOPLIST_FILE = speakez/Info.plist;
				IPHONEOS_DEPLOYMENT_TARGET = 7.1;
				LD_RUNPATH_SEARCH_PATHS = "$(inherited) @executable_path/Frameworks";
				LIBRARY_SEARCH_PATHS = (
					"$(inherited)",
					"$(PROJECT_DIR)/speakez",
				);
				"OTHER_LDFLAGS[arch=*]" = "-ObjC";
				PRODUCT_NAME = "$(TARGET_NAME)";
				PROVISIONING_PROFILE = "";
				TARGETED_DEVICE_FAMILY = 1;
			};
			name = Release;
		};
		2B0444C11A6C171300C00EFC /* Debug */ = {
			isa = XCBuildConfiguration;
			buildSettings = {
				BUNDLE_LOADER = "$(TEST_HOST)";
				FRAMEWORK_SEARCH_PATHS = (
					"$(SDKROOT)/Developer/Library/Frameworks",
					"$(inherited)",
				);
				GCC_PREPROCESSOR_DEFINITIONS = (
					"DEBUG=1",
					"$(inherited)",
				);
				INFOPLIST_FILE = speakezTests/Info.plist;
				LD_RUNPATH_SEARCH_PATHS = "$(inherited) @executable_path/Frameworks @loader_path/Frameworks";
				PRODUCT_NAME = "$(TARGET_NAME)";
				TEST_HOST = "$(BUILT_PRODUCTS_DIR)/speakez.app/speakez";
			};
			name = Debug;
		};
		2B0444C21A6C171300C00EFC /* Release */ = {
			isa = XCBuildConfiguration;
			buildSettings = {
				BUNDLE_LOADER = "$(TEST_HOST)";
				FRAMEWORK_SEARCH_PATHS = (
					"$(SDKROOT)/Developer/Library/Frameworks",
					"$(inherited)",
				);
				INFOPLIST_FILE = speakezTests/Info.plist;
				LD_RUNPATH_SEARCH_PATHS = "$(inherited) @executable_path/Frameworks @loader_path/Frameworks";
				PRODUCT_NAME = "$(TARGET_NAME)";
				TEST_HOST = "$(BUILT_PRODUCTS_DIR)/speakez.app/speakez";
			};
			name = Release;
		};
/* End XCBuildConfiguration section */

/* Begin XCConfigurationList section */
		2B0444951A6C171300C00EFC /* Build configuration list for PBXProject "speakez" */ = {
			isa = XCConfigurationList;
			buildConfigurations = (
				2B0444BB1A6C171300C00EFC /* Debug */,
				2B0444BC1A6C171300C00EFC /* Release */,
			);
			defaultConfigurationIsVisible = 0;
			defaultConfigurationName = Release;
		};
		2B0444BD1A6C171300C00EFC /* Build configuration list for PBXNativeTarget "speakez" */ = {
			isa = XCConfigurationList;
			buildConfigurations = (
				2B0444BE1A6C171300C00EFC /* Debug */,
				2B0444BF1A6C171300C00EFC /* Release */,
			);
			defaultConfigurationIsVisible = 0;
			defaultConfigurationName = Release;
		};
		2B0444C01A6C171300C00EFC /* Build configuration list for PBXNativeTarget "speakezTests" */ = {
			isa = XCConfigurationList;
			buildConfigurations = (
				2B0444C11A6C171300C00EFC /* Debug */,
				2B0444C21A6C171300C00EFC /* Release */,
			);
			defaultConfigurationIsVisible = 0;
			defaultConfigurationName = Release;
		};
/* End XCConfigurationList section */
	};
	rootObject = 2B0444921A6C171300C00EFC /* Project object */;
}
